{
  "requires": true,
  "lockfileVersion": 1,
  "dependencies": {
    "@angular/core": {
      "version": "10.2.2",
      "resolved": "https://registry.npmjs.org/@angular/core/-/core-10.2.2.tgz",
      "integrity": "sha512-9IHZF4/zcCKCLGzsbaUeNE8V+R9kcCu0ZNXvqkxd1+vTPdcf00185KzD6CAm+OiskLwvmrudh4vh0CQ+JHSTtQ==",
      "requires": {
        "tslib": "^2.0.0"
      }
    },
    "@types/google.visualization": {
      "version": "0.0.52",
      "resolved": "https://registry.npmjs.org/@types/google.visualization/-/google.visualization-0.0.52.tgz",
      "integrity": "sha512-zyY6z8JswGNRVK2TwZGOGLnRKiBdHAAyj5SwBMRwPM0DclvwMR91GZHiXH2/hNPJNlc3VdmFDQPVl1zzSYN6pw=="
    },
    "angular-google-charts": {
      "version": "1.1.6",
      "resolved": "https://registry.npmjs.org/angular-google-charts/-/angular-google-charts-1.1.6.tgz",
      "integrity": "sha512-+iWWei2Nm/LGOEGIVLJIgqeeCSo+yEDTxtu7lDGpWJKniW4IT0QquVRq7TOm2sjCZFo2auSthncHwRF24TK/RQ==",
      "requires": {
        "@types/google.visualization": "^0.0.52",
        "tslib": "^2.0.0"
      }
    },
    "rxjs": {
      "version": "6.6.3",
      "resolved": "https://registry.npmjs.org/rxjs/-/rxjs-6.6.3.tgz",
      "integrity": "sha512-trsQc+xYYXZ3urjOiJOuCOa5N3jAZ3eiSpQB5hIT8zGlL2QfnHLJ2r7GMkBGuIausdJN1OneaI6gQlsqNHHmZQ==",
      "requires": {
        "tslib": "^1.9.0"
      },
      "dependencies": {
        "tslib": {
          "version": "1.14.1",
          "resolved": "https://registry.npmjs.org/tslib/-/tslib-1.14.1.tgz",
          "integrity": "sha512-Xni35NKzjgMrwevysHTCArtLDpPvye8zV/0E4EyYn43P7/7qvQwPh9BGkHewbMulVntbigmcT7rdX3BNo9wRJg=="
        }
      }
    },
    "rxjs-operators": {
      "version": "1.1.3",
      "resolved": "https://registry.npmjs.org/rxjs-operators/-/rxjs-operators-1.1.3.tgz",
      "integrity": "sha512-2aIIEgsH4Wbii8WoyEMniHGzrmFnBKD4jJUke8nCcowj3mL7+7Bx5IQEkYbdkNMO5Z5MZ0uHzu0LhU1SXhAIbg=="
    },
    "tslib": {
      "version": "2.0.3",
      "resolved": "https://registry.npmjs.org/tslib/-/tslib-2.0.3.tgz",
      "integrity": "sha512-uZtkfKblCEQtZKBF6EBXVZeQNl82yqtDQdv+eck8u7tdPxjLu2/lp5/uPW+um2tpuxINHWy3GhiccY7QgEaVHQ=="
    }
  }
}
